
Microsoft Visual Studio Solution File, Format Version 12.00
# Visual Studio Version 16
VisualStudioVersion = 16.0.28729.10
MinimumVisualStudioVersion = 10.0.40219.1
Project("{9A19103F-16F7-4668-BE54-9A1E7A4F7556}") = "Playback", "Playback\Playback.csproj", "{27BB4199-0D38-4522-B375-DAF7E467BC2C}"
EndProject
Project("{FAE04EC0-301F-11D3-BF4B-00C04F79EFBC}") = "PlaybackTool", "PlaybackTool\PlaybackTool.csproj", "{E8DD9AE6-3550-4A14-B98A-9114497A212B}"
EndProject
Global
	GlobalSection(SolutionConfigurationPlatforms) = preSolution
		Debug|Any CPU = Debug|Any CPU
		Release|Any CPU = Release|Any CPU
	EndGlobalSection
	GlobalSection(ProjectConfigurationPlatforms) = postSolution
		{27BB4199-0D38-4522-B375-DAF7E467BC2C}.Debug|Any CPU.ActiveCfg = Debug|Any CPU
		{27BB4199-0D38-4522-B375-DAF7E467BC2C}.Debug|Any CPU.Build.0 = Debug|Any CPU
		{27BB4199-0D38-4522-B375-DAF7E467BC2C}.Release|Any CPU.ActiveCfg = Release|Any CPU
		{27BB4199-0D38-4522-B375-DAF7E467BC2C}.Release|Any CPU.Build.0 = Release|Any CPU
		{E8DD9AE6-3550-4A14-B98A-9114497A212B}.Debug|Any CPU.ActiveCfg = Debug|Any CPU
		{E8DD9AE6-3550-4A14-B98A-9114497A212B}.Debug|Any CPU.Build.0 = Debug|Any CPU
		{E8DD9AE6-3550-4A14-B98A-9114497A212B}.Release|Any CPU.ActiveCfg = Release|Any CPU
		{E8DD9AE6-3550-4A14-B98A-9114497A212B}.Release|Any CPU.Build.0 = Release|Any CPU
	EndGlobalSection
	GlobalSection(SolutionProperties) = preSolution
		HideSolutionNode = FALSE
	EndGlobalSection
	GlobalSection(ExtensibilityGlobals) = postSolution
		SolutionGuid = {064DD678-FA11-477B-B4D9-2D68195B5E3A}
	EndGlobalSection
EndGlobal
